
Microsoft Visual Studio Solution File, Format Version 12.00
# Visual Studio Version 17
VisualStudioVersion = 17.7.34202.233
MinimumVisualStudioVersion = 10.0.40219.1
Project("{9A19103F-16F7-4668-BE54-9A1E7A4F7556}") = "FISTNESS", "FISTNESS\FISTNESS.csproj", "{AA3D99A3-072D-4CEF-9B36-E31FC0C0F545}"
EndProject
Global
	GlobalSection(SolutionConfigurationPlatforms) = preSolution
		Debug|Any CPU = Debug|Any CPU
		Release|Any CPU = Release|Any CPU
	EndGlobalSection
	GlobalSection(ProjectConfigurationPlatforms) = postSolution
		{AA3D99A3-072D-4CEF-9B36-E31FC0C0F545}.Debug|Any CPU.ActiveCfg = Debug|Any CPU
		{AA3D99A3-072D-4CEF-9B36-E31FC0C0F545}.Debug|Any CPU.Build.0 = Debug|Any CPU
		{AA3D99A3-072D-4CEF-9B36-E31FC0C0F545}.Release|Any CPU.ActiveCfg = Release|Any CPU
		{AA3D99A3-072D-4CEF-9B36-E31FC0C0F545}.Release|Any CPU.Build.0 = Release|Any CPU
	EndGlobalSection
	GlobalSection(SolutionProperties) = preSolution
		HideSolutionNode = FALSE
	EndGlobalSection
	GlobalSection(ExtensibilityGlobals) = postSolution
		SolutionGuid = {C7515A68-1143-4F5F-A1D4-85B64CF51614}
	EndGlobalSection
EndGlobal
